
Microsoft Visual Studio Solution File, Format Version 12.00
# Visual Studio Version 17
VisualStudioVersion = 17.1.32210.238
MinimumVisualStudioVersion = 10.0.40219.1
Project("{FAE04EC0-301F-11D3-BF4B-00C04F79EFBC}") = "VZTest", "VZTest\VZTest.csproj", "{A76B8E6A-A0DB-427B-9901-745124C7F425}"
EndProject
Global
	GlobalSection(SolutionConfigurationPlatforms) = preSolution
		Debug|Any CPU = Debug|Any CPU
		Release|Any CPU = Release|Any CPU
	EndGlobalSection
	GlobalSection(ProjectConfigurationPlatforms) = postSolution
		{A76B8E6A-A0DB-427B-9901-745124C7F425}.Debug|Any CPU.ActiveCfg = Debug|Any CPU
		{A76B8E6A-A0DB-427B-9901-745124C7F425}.Debug|Any CPU.Build.0 = Debug|Any CPU
		{A76B8E6A-A0DB-427B-9901-745124C7F425}.Release|Any CPU.ActiveCfg = Release|Any CPU
		{A76B8E6A-A0DB-427B-9901-745124C7F425}.Release|Any CPU.Build.0 = Release|Any CPU
	EndGlobalSection
	GlobalSection(SolutionProperties) = preSolution
		HideSolutionNode = FALSE
	EndGlobalSection
	GlobalSection(ExtensibilityGlobals) = postSolution
		SolutionGuid = {6090FF3E-5624-4820-A1E9-AA85C994977A}
	EndGlobalSection
EndGlobal
